
Microsoft Visual Studio Solution File, Format Version 12.00
# Visual Studio Version 17
VisualStudioVersion = 17.9.34723.18
MinimumVisualStudioVersion = 10.0.40219.1
Project("{9A19103F-16F7-4668-BE54-9A1E7A4F7556}") = "ControleFinanceiro.Domain", "ControleFinanceiro.Domain\ControleFinanceiro.Domain.csproj", "{FC7A3DED-FD4F-4F6F-9DE8-1DD0604CCFBD}"
EndProject
Project("{9A19103F-16F7-4668-BE54-9A1E7A4F7556}") = "ControleFinanceiro.Infrastructure", "ControleFinanceiro.Infrastructure\ControleFinanceiro.Infrastructure.csproj", "{3D6C1CB1-D136-4E44-A963-D115133336E4}"
EndProject
Project("{9A19103F-16F7-4668-BE54-9A1E7A4F7556}") = "ControleFinanceiro.Application", "ControleFinanceiro.Application\ControleFinanceiro.Application.csproj", "{73CB4B9F-9C4F-4237-81F7-0A12F3A62F6B}"
EndProject
Project("{9A19103F-16F7-4668-BE54-9A1E7A4F7556}") = "ControleFinanceiro.UI", "ControleFinanceiro.UI\ControleFinanceiro.UI.csproj", "{48C78488-9CA3-48F6-AF2D-FB68C52ACD90}"
EndProject
Project("{9A19103F-16F7-4668-BE54-9A1E7A4F7556}") = "ControleFinanceiro.API", "ControleFinanceiro.API\ControleFinanceiro.API.csproj", "{16B3C1DA-13B2-4137-A3C4-AAF6B8764BD9}"
EndProject
Project("{FAE04EC0-301F-11D3-BF4B-00C04F79EFBC}") = "ControleFinanceiro.IoC", "ControleFinanceiro.IoC\ControleFinanceiro.IoC.csproj", "{FA51F1D0-44AE-4659-B50A-AA4AF6403C37}"
EndProject
Global
	GlobalSection(SolutionConfigurationPlatforms) = preSolution
		Debug|Any CPU = Debug|Any CPU
		Release|Any CPU = Release|Any CPU
	EndGlobalSection
	GlobalSection(ProjectConfigurationPlatforms) = postSolution
		{FC7A3DED-FD4F-4F6F-9DE8-1DD0604CCFBD}.Debug|Any CPU.ActiveCfg = Debug|Any CPU
		{FC7A3DED-FD4F-4F6F-9DE8-1DD0604CCFBD}.Debug|Any CPU.Build.0 = Debug|Any CPU
		{FC7A3DED-FD4F-4F6F-9DE8-1DD0604CCFBD}.Release|Any CPU.ActiveCfg = Release|Any CPU
		{FC7A3DED-FD4F-4F6F-9DE8-1DD0604CCFBD}.Release|Any CPU.Build.0 = Release|Any CPU
		{3D6C1CB1-D136-4E44-A963-D115133336E4}.Debug|Any CPU.ActiveCfg = Debug|Any CPU
		{3D6C1CB1-D136-4E44-A963-D115133336E4}.Debug|Any CPU.Build.0 = Debug|Any CPU
		{3D6C1CB1-D136-4E44-A963-D115133336E4}.Release|Any CPU.ActiveCfg = Release|Any CPU
		{3D6C1CB1-D136-4E44-A963-D115133336E4}.Release|Any CPU.Build.0 = Release|Any CPU
		{73CB4B9F-9C4F-4237-81F7-0A12F3A62F6B}.Debug|Any CPU.ActiveCfg = Debug|Any CPU
		{73CB4B9F-9C4F-4237-81F7-0A12F3A62F6B}.Debug|Any CPU.Build.0 = Debug|Any CPU
		{73CB4B9F-9C4F-4237-81F7-0A12F3A62F6B}.Release|Any CPU.ActiveCfg = Release|Any CPU
		{73CB4B9F-9C4F-4237-81F7-0A12F3A62F6B}.Release|Any CPU.Build.0 = Release|Any CPU
		{48C78488-9CA3-48F6-AF2D-FB68C52ACD90}.Debug|Any CPU.ActiveCfg = Debug|Any CPU
		{48C78488-9CA3-48F6-AF2D-FB68C52ACD90}.Debug|Any CPU.Build.0 = Debug|Any CPU
		{48C78488-9CA3-48F6-AF2D-FB68C52ACD90}.Release|Any CPU.ActiveCfg = Release|Any CPU
		{48C78488-9CA3-48F6-AF2D-FB68C52ACD90}.Release|Any CPU.Build.0 = Release|Any CPU
		{16B3C1DA-13B2-4137-A3C4-AAF6B8764BD9}.Debug|Any CPU.ActiveCfg = Debug|Any CPU
		{16B3C1DA-13B2-4137-A3C4-AAF6B8764BD9}.Debug|Any CPU.Build.0 = Debug|Any CPU
		{16B3C1DA-13B2-4137-A3C4-AAF6B8764BD9}.Release|Any CPU.ActiveCfg = Release|Any CPU
		{16B3C1DA-13B2-4137-A3C4-AAF6B8764BD9}.Release|Any CPU.Build.0 = Release|Any CPU
		{FA51F1D0-44AE-4659-B50A-AA4AF6403C37}.Debug|Any CPU.ActiveCfg = Debug|Any CPU
		{FA51F1D0-44AE-4659-B50A-AA4AF6403C37}.Debug|Any CPU.Build.0 = Debug|Any CPU
		{FA51F1D0-44AE-4659-B50A-AA4AF6403C37}.Release|Any CPU.ActiveCfg = Release|Any CPU
		{FA51F1D0-44AE-4659-B50A-AA4AF6403C37}.Release|Any CPU.Build.0 = Release|Any CPU
	EndGlobalSection
	GlobalSection(SolutionProperties) = preSolution
		HideSolutionNode = FALSE
	EndGlobalSection
	GlobalSection(ExtensibilityGlobals) = postSolution
		SolutionGuid = {E25A54DF-B6BC-4786-8078-548FB313356B}
	EndGlobalSection
EndGlobal
